// !$*UTF8*$!
{
	archiveVersion = 1;
	classes = {
	};
	objectVersion = 45;
	objects = {

/* Begin PBXBuildFile section */
		275100061085B0A6007F4E2B /* helpers.c in Sources */ = {isa = PBXBuildFile; fileRef = 2751FFFB1085B0A6007F4E2B /* helpers.c */; };
		275100071085B0A6007F4E2B /* linked_list.c in Sources */ = {isa = PBXBuildFile; fileRef = 2751FFFD1085B0A6007F4E2B /* linked_list.c */; };
		275100081085B0A6007F4E2B /* player.c in Sources */ = {isa = PBXBuildFile; fileRef = 2751FFFF1085B0A6007F4E2B /* player.c */; };
		275100091085B0A6007F4E2B /* server.c in Sources */ = {isa = PBXBuildFile; fileRef = 275100011085B0A6007F4E2B /* server.c */; };
		2751000A1085B0A6007F4E2B /* threads.c in Sources */ = {isa = PBXBuildFile; fileRef = 275100031085B0A6007F4E2B /* threads.c */; };
/* End PBXBuildFile section */

/* Begin PBXCopyFilesBuildPhase section */
		8DD76FAF0486AB0100D96B5E /* CopyFiles */ = {
			isa = PBXCopyFilesBuildPhase;
			buildActionMask = 8;
			dstPath = /usr/share/man/man1/;
			dstSubfolderSpec = 0;
			files = (
			);
			runOnlyForDeploymentPostprocessing = 1;
		};
/* End PBXCopyFilesBuildPhase section */

/* Begin PBXFileReference section */
		272388A110870C7A0051C9EF /* dc */ = {isa = PBXFileReference; explicitFileType = "compiled.mach-o.executable"; includeInIndex = 0; path = dc; sourceTree = BUILT_PRODUCTS_DIR; };
		275100001085B0A6007F4E2B /* player.h */ = {isa = PBXFileReference; fileEncoding = 4; lastKnownFileType = sourcecode.c.h; name = player.h; path = server/src/player.h; sourceTree = SOURCE_ROOT; };
		275100011085B0A6007F4E2B /* server.c */ = {isa = PBXFileReference; fileEncoding = 4; lastKnownFileType = sourcecode.c.c; name = server.c; path = server/src/server.c; sourceTree = SOURCE_ROOT; };
		275100021085B0A6007F4E2B /* server.h */ = {isa = PBXFileReference; fileEncoding = 4; lastKnownFileType = sourcecode.c.h; name = server.h; path = server/src/server.h; sourceTree = SOURCE_ROOT; };
		275100031085B0A6007F4E2B /* threads.c */ = {isa = PBXFileReference; fileEncoding = 4; lastKnownFileType = sourcecode.c.c; name = threads.c; path = server/src/threads.c; sourceTree = SOURCE_ROOT; };
		275100041085B0A6007F4E2B /* threads.h */ = {isa = PBXFileReference; fileEncoding = 4; lastKnownFileType = sourcecode.c.h; name = threads.h; path = server/src/threads.h; sourceTree = SOURCE_ROOT; };
		2751FFEA1085B0A6007F4E2B /* BATTING.TXT */ = {isa = PBXFileReference; fileEncoding = 4; lastKnownFileType = text; name = BATTING.TXT; path = server/BATTING.TXT; sourceTree = SOURCE_ROOT; };
		2751FFF91085B0A6007F4E2B /* bool.h */ = {isa = PBXFileReference; fileEncoding = 4; lastKnownFileType = sourcecode.c.h; name = bool.h; path = server/src/bool.h; sourceTree = SOURCE_ROOT; };
		2751FFFA1085B0A6007F4E2B /* globals.h */ = {isa = PBXFileReference; fileEncoding = 4; lastKnownFileType = sourcecode.c.h; name = globals.h; path = server/src/globals.h; sourceTree = SOURCE_ROOT; };
		2751FFFB1085B0A6007F4E2B /* helpers.c */ = {isa = PBXFileReference; fileEncoding = 4; lastKnownFileType = sourcecode.c.c; name = helpers.c; path = server/src/helpers.c; sourceTree = SOURCE_ROOT; };
		2751FFFC1085B0A6007F4E2B /* helpers.h */ = {isa = PBXFileReference; fileEncoding = 4; lastKnownFileType = sourcecode.c.h; name = helpers.h; path = server/src/helpers.h; sourceTree = SOURCE_ROOT; };
		2751FFFD1085B0A6007F4E2B /* linked_list.c */ = {isa = PBXFileReference; fileEncoding = 4; lastKnownFileType = sourcecode.c.c; name = linked_list.c; path = server/src/linked_list.c; sourceTree = SOURCE_ROOT; };
		2751FFFE1085B0A6007F4E2B /* linked_list.h */ = {isa = PBXFileReference; fileEncoding = 4; lastKnownFileType = sourcecode.c.h; name = linked_list.h; path = server/src/linked_list.h; sourceTree = SOURCE_ROOT; };
		2751FFFF1085B0A6007F4E2B /* player.c */ = {isa = PBXFileReference; fileEncoding = 4; lastKnownFileType = sourcecode.c.c; name = player.c; path = server/src/player.c; sourceTree = SOURCE_ROOT; };
/* End PBXFileReference section */

/* Begin PBXFrameworksBuildPhase section */
		8DD76FAD0486AB0100D96B5E /* Frameworks */ = {
			isa = PBXFrameworksBuildPhase;
			buildActionMask = 2147483647;
			files = (
			);
			runOnlyForDeploymentPostprocessing = 0;
		};
/* End PBXFrameworksBuildPhase section */

/* Begin PBXGroup section */
		08FB7794FE84155DC02AAC07 /* dc */ = {
			isa = PBXGroup;
			children = (
				2751FFE91085B0A6007F4E2B /* server */,
				272388A210870C7A0051C9EF /* Products */,
			);
			name = dc;
			sourceTree = "<group>";
		};
		272388A210870C7A0051C9EF /* Products */ = {
			isa = PBXGroup;
			children = (
				272388A110870C7A0051C9EF /* dc */,
			);
			name = Products;
			sourceTree = "<group>";
		};
		2751FFE91085B0A6007F4E2B /* server */ = {
			isa = PBXGroup;
			children = (
				2751FFEA1085B0A6007F4E2B /* BATTING.TXT */,
				2751FFF81085B0A6007F4E2B /* src */,
			);
			path = server;
			sourceTree = SOURCE_ROOT;
		};
		2751FFF81085B0A6007F4E2B /* src */ = {
			isa = PBXGroup;
			children = (
				2751FFF91085B0A6007F4E2B /* bool.h */,
				2751FFFA1085B0A6007F4E2B /* globals.h */,
				2751FFFB1085B0A6007F4E2B /* helpers.c */,
				2751FFFC1085B0A6007F4E2B /* helpers.h */,
				2751FFFD1085B0A6007F4E2B /* linked_list.c */,
				2751FFFE1085B0A6007F4E2B /* linked_list.h */,
				2751FFFF1085B0A6007F4E2B /* player.c */,
				275100001085B0A6007F4E2B /* player.h */,
				275100011085B0A6007F4E2B /* server.c */,
				275100021085B0A6007F4E2B /* server.h */,
				275100031085B0A6007F4E2B /* threads.c */,
				275100041085B0A6007F4E2B /* threads.h */,
			);
			name = src;
			path = server/src;
			sourceTree = SOURCE_ROOT;
		};
/* End PBXGroup section */

/* Begin PBXNativeTarget section */
		8DD76FA90486AB0100D96B5E /* dc */ = {
			isa = PBXNativeTarget;
			buildConfigurationList = 1DEB928508733DD80010E9CD /* Build configuration list for PBXNativeTarget "dc" */;
			buildPhases = (
				8DD76FAB0486AB0100D96B5E /* Sources */,
				8DD76FAD0486AB0100D96B5E /* Frameworks */,
				8DD76FAF0486AB0100D96B5E /* CopyFiles */,
			);
			buildRules = (
			);
			dependencies = (
			);
			name = dc;
			productInstallPath = "$(HOME)/bin";
			productName = dc;
			productReference = 272388A110870C7A0051C9EF /* dc */;
			productType = "com.apple.product-type.tool";
		};
/* End PBXNativeTarget section */

/* Begin PBXProject section */
		08FB7793FE84155DC02AAC07 /* Project object */ = {
			isa = PBXProject;
			buildConfigurationList = 1DEB928908733DD80010E9CD /* Build configuration list for PBXProject "dc" */;
			compatibilityVersion = "Xcode 3.1";
			hasScannedForEncodings = 1;
			mainGroup = 08FB7794FE84155DC02AAC07 /* dc */;
			productRefGroup = 272388A210870C7A0051C9EF /* Products */;
			projectDirPath = "";
			projectRoot = "";
			targets = (
				8DD76FA90486AB0100D96B5E /* dc */,
			);
		};
/* End PBXProject section */

/* Begin PBXSourcesBuildPhase section */
		8DD76FAB0486AB0100D96B5E /* Sources */ = {
			isa = PBXSourcesBuildPhase;
			buildActionMask = 2147483647;
			files = (
				275100061085B0A6007F4E2B /* helpers.c in Sources */,
				275100071085B0A6007F4E2B /* linked_list.c in Sources */,
				275100081085B0A6007F4E2B /* player.c in Sources */,
				275100091085B0A6007F4E2B /* server.c in Sources */,
				2751000A1085B0A6007F4E2B /* threads.c in Sources */,
			);
			runOnlyForDeploymentPostprocessing = 0;
		};
/* End PBXSourcesBuildPhase section */

/* Begin XCBuildConfiguration section */
		1DEB928608733DD80010E9CD /* Debug */ = {
			isa = XCBuildConfiguration;
			buildSettings = {
				ALWAYS_SEARCH_USER_PATHS = NO;
				COPY_PHASE_STRIP = NO;
				GCC_DYNAMIC_NO_PIC = NO;
				GCC_ENABLE_FIX_AND_CONTINUE = YES;
				GCC_MODEL_TUNING = G5;
				GCC_OPTIMIZATION_LEVEL = 0;
				INSTALL_PATH = /usr/local/bin;
				PRODUCT_NAME = dc;
			};
			name = Debug;
		};
		1DEB928708733DD80010E9CD /* Release */ = {
			isa = XCBuildConfiguration;
			buildSettings = {
				ALWAYS_SEARCH_USER_PATHS = NO;
				DEBUG_INFORMATION_FORMAT = "dwarf-with-dsym";
				GCC_MODEL_TUNING = G5;
				INSTALL_PATH = /usr/local/bin;
				PRODUCT_NAME = dc;
			};
			name = Release;
		};
		1DEB928A08733DD80010E9CD /* Debug */ = {
			isa = XCBuildConfiguration;
			buildSettings = {
				ARCHS = "$(ARCHS_STANDARD_32_64_BIT)";
				GCC_C_LANGUAGE_STANDARD = gnu99;
				GCC_OPTIMIZATION_LEVEL = 0;
				GCC_WARN_ABOUT_RETURN_TYPE = YES;
				GCC_WARN_UNUSED_VARIABLE = YES;
				ONLY_ACTIVE_ARCH = YES;
				PREBINDING = NO;
				SDKROOT = macosx10.6;
			};
			name = Debug;
		};
		1DEB928B08733DD80010E9CD /* Release */ = {
			isa = XCBuildConfiguration;
			buildSettings = {
				ARCHS = "$(ARCHS_STANDARD_32_64_BIT)";
				GCC_C_LANGUAGE_STANDARD = gnu99;
				GCC_WARN_ABOUT_RETURN_TYPE = YES;
				GCC_WARN_UNUSED_VARIABLE = YES;
				PREBINDING = NO;
				SDKROOT = macosx10.6;
			};
			name = Release;
		};
/* End XCBuildConfiguration section */

/* Begin XCConfigurationList section */
		1DEB928508733DD80010E9CD /* Build configuration list for PBXNativeTarget "dc" */ = {
			isa = XCConfigurationList;
			buildConfigurations = (
				1DEB928608733DD80010E9CD /* Debug */,
				1DEB928708733DD80010E9CD /* Release */,
			);
			defaultConfigurationIsVisible = 0;
			defaultConfigurationName = Release;
		};
		1DEB928908733DD80010E9CD /* Build configuration list for PBXProject "dc" */ = {
			isa = XCConfigurationList;
			buildConfigurations = (
				1DEB928A08733DD80010E9CD /* Debug */,
				1DEB928B08733DD80010E9CD /* Release */,
			);
			defaultConfigurationIsVisible = 0;
			defaultConfigurationName = Release;
		};
/* End XCConfigurationList section */
	};
	rootObject = 08FB7793FE84155DC02AAC07 /* Project object */;
}
