// !$*UTF8*$!
{
	archiveVersion = 1;
	classes = {
	};
	objectVersion = 45;
	objects = {

/* Begin PBXFileReference section */
		6C54DDA710847B3500D77B03 /* bool.h */ = {isa = PBXFileReference; fileEncoding = 4; lastKnownFileType = sourcecode.c.h; name = bool.h; path = client/src/bool.h; sourceTree = "<group>"; };
		6C54DDA810847B3500D77B03 /* client.c */ = {isa = PBXFileReference; fileEncoding = 4; lastKnownFileType = sourcecode.c.c; name = client.c; path = client/src/client.c; sourceTree = "<group>"; };
		6C54DDA910847B3500D77B03 /* client.h */ = {isa = PBXFileReference; fileEncoding = 4; lastKnownFileType = sourcecode.c.h; name = client.h; path = client/src/client.h; sourceTree = "<group>"; };
		6C54DDAA10847B3500D77B03 /* globals.h */ = {isa = PBXFileReference; fileEncoding = 4; lastKnownFileType = sourcecode.c.h; name = globals.h; path = client/src/globals.h; sourceTree = "<group>"; };
		6C54DDAB10847B3500D77B03 /* helpers.c */ = {isa = PBXFileReference; fileEncoding = 4; lastKnownFileType = sourcecode.c.c; name = helpers.c; path = client/src/helpers.c; sourceTree = "<group>"; };
		6C54DDAC10847B3500D77B03 /* helpers.h */ = {isa = PBXFileReference; fileEncoding = 4; lastKnownFileType = sourcecode.c.h; name = helpers.h; path = client/src/helpers.h; sourceTree = "<group>"; };
		6C54DDAF10847B4100D77B03 /* bool.h */ = {isa = PBXFileReference; fileEncoding = 4; lastKnownFileType = sourcecode.c.h; name = bool.h; path = server/src/bool.h; sourceTree = "<group>"; };
		6C54DDB010847B4100D77B03 /* globals.h */ = {isa = PBXFileReference; fileEncoding = 4; lastKnownFileType = sourcecode.c.h; name = globals.h; path = server/src/globals.h; sourceTree = "<group>"; };
		6C54DDB110847B4100D77B03 /* helpers.c */ = {isa = PBXFileReference; fileEncoding = 4; lastKnownFileType = sourcecode.c.c; name = helpers.c; path = server/src/helpers.c; sourceTree = "<group>"; };
		6C54DDB210847B4100D77B03 /* helpers.h */ = {isa = PBXFileReference; fileEncoding = 4; lastKnownFileType = sourcecode.c.h; name = helpers.h; path = server/src/helpers.h; sourceTree = "<group>"; };
		6C54DDB310847B4100D77B03 /* linked_list.c */ = {isa = PBXFileReference; fileEncoding = 4; lastKnownFileType = sourcecode.c.c; name = linked_list.c; path = server/src/linked_list.c; sourceTree = "<group>"; };
		6C54DDB410847B4100D77B03 /* linked_list.h */ = {isa = PBXFileReference; fileEncoding = 4; lastKnownFileType = sourcecode.c.h; name = linked_list.h; path = server/src/linked_list.h; sourceTree = "<group>"; };
		6C54DDB510847B4100D77B03 /* player.c */ = {isa = PBXFileReference; fileEncoding = 4; lastKnownFileType = sourcecode.c.c; name = player.c; path = server/src/player.c; sourceTree = "<group>"; };
		6C54DDB610847B4100D77B03 /* player.h */ = {isa = PBXFileReference; fileEncoding = 4; lastKnownFileType = sourcecode.c.h; name = player.h; path = server/src/player.h; sourceTree = "<group>"; };
		6C54DDB710847B4100D77B03 /* server.c */ = {isa = PBXFileReference; fileEncoding = 4; lastKnownFileType = sourcecode.c.c; name = server.c; path = server/src/server.c; sourceTree = "<group>"; };
		6C54DDB810847B4100D77B03 /* server.h */ = {isa = PBXFileReference; fileEncoding = 4; lastKnownFileType = sourcecode.c.h; name = server.h; path = server/src/server.h; sourceTree = "<group>"; };
		6C54DDB910847B4100D77B03 /* threads.c */ = {isa = PBXFileReference; fileEncoding = 4; lastKnownFileType = sourcecode.c.c; name = threads.c; path = server/src/threads.c; sourceTree = "<group>"; };
		6C54DDBA10847B4100D77B03 /* threads.h */ = {isa = PBXFileReference; fileEncoding = 4; lastKnownFileType = sourcecode.c.h; name = threads.h; path = server/src/threads.h; sourceTree = "<group>"; };
/* End PBXFileReference section */

/* Begin PBXGroup section */
		08FB7794FE84155DC02AAC07 /* dc */ = {
			isa = PBXGroup;
			children = (
				08FB7795FE84155DC02AAC07 /* Source */,
			);
			name = dc;
			sourceTree = "<group>";
		};
		08FB7795FE84155DC02AAC07 /* Source */ = {
			isa = PBXGroup;
			children = (
				6C54DD9E10847AE900D77B03 /* Server */,
				6C54DD9C10847AD800D77B03 /* Client */,
			);
			name = Source;
			sourceTree = "<group>";
		};
		6C54DD9C10847AD800D77B03 /* Client */ = {
			isa = PBXGroup;
			children = (
				6C54DDA710847B3500D77B03 /* bool.h */,
				6C54DDA810847B3500D77B03 /* client.c */,
				6C54DDA910847B3500D77B03 /* client.h */,
				6C54DDAA10847B3500D77B03 /* globals.h */,
				6C54DDAB10847B3500D77B03 /* helpers.c */,
				6C54DDAC10847B3500D77B03 /* helpers.h */,
			);
			name = Client;
			sourceTree = "<group>";
		};
		6C54DD9E10847AE900D77B03 /* Server */ = {
			isa = PBXGroup;
			children = (
				6C54DDAF10847B4100D77B03 /* bool.h */,
				6C54DDB010847B4100D77B03 /* globals.h */,
				6C54DDB110847B4100D77B03 /* helpers.c */,
				6C54DDB210847B4100D77B03 /* helpers.h */,
				6C54DDB310847B4100D77B03 /* linked_list.c */,
				6C54DDB410847B4100D77B03 /* linked_list.h */,
				6C54DDB510847B4100D77B03 /* player.c */,
				6C54DDB610847B4100D77B03 /* player.h */,
				6C54DDB710847B4100D77B03 /* server.c */,
				6C54DDB810847B4100D77B03 /* server.h */,
				6C54DDB910847B4100D77B03 /* threads.c */,
				6C54DDBA10847B4100D77B03 /* threads.h */,
			);
			name = Server;
			sourceTree = "<group>";
		};
/* End PBXGroup section */

/* Begin PBXLegacyTarget section */
		6C54DE2A10847F8700D77B03 /* dc */ = {
			isa = PBXLegacyTarget;
			buildArgumentsString = $ACTION;
			buildConfigurationList = 6C54DE2D10847FA500D77B03 /* Build configuration list for PBXLegacyTarget "dc" */;
			buildPhases = (
			);
			buildToolPath = /usr/bin/make;
			buildWorkingDirectory = /Users/bjeanes/Code/dc;
			dependencies = (
			);
			name = dc;
			passBuildSettingsInEnvironment = 1;
			productName = dc;
		};
/* End PBXLegacyTarget section */

/* Begin PBXProject section */
		08FB7793FE84155DC02AAC07 /* Project object */ = {
			isa = PBXProject;
			buildConfigurationList = 1DEB928908733DD80010E9CD /* Build configuration list for PBXProject "dc" */;
			compatibilityVersion = "Xcode 3.1";
			hasScannedForEncodings = 1;
			mainGroup = 08FB7794FE84155DC02AAC07 /* dc */;
			projectDirPath = "";
			projectRoot = "";
			targets = (
				6C54DE2A10847F8700D77B03 /* dc */,
			);
		};
/* End PBXProject section */

/* Begin XCBuildConfiguration section */
		1DEB928A08733DD80010E9CD /* Debug */ = {
			isa = XCBuildConfiguration;
			buildSettings = {
				ARCHS = "$(ARCHS_STANDARD_32_64_BIT)";
				GCC_C_LANGUAGE_STANDARD = gnu99;
				GCC_OPTIMIZATION_LEVEL = 0;
				GCC_WARN_ABOUT_RETURN_TYPE = YES;
				GCC_WARN_UNUSED_VARIABLE = YES;
				ONLY_ACTIVE_ARCH = YES;
				PREBINDING = NO;
				SDKROOT = macosx10.5;
			};
			name = Debug;
		};
		1DEB928B08733DD80010E9CD /* Release */ = {
			isa = XCBuildConfiguration;
			buildSettings = {
				ARCHS = "$(ARCHS_STANDARD_32_64_BIT)";
				GCC_C_LANGUAGE_STANDARD = gnu99;
				GCC_WARN_ABOUT_RETURN_TYPE = YES;
				GCC_WARN_UNUSED_VARIABLE = YES;
				PREBINDING = NO;
				SDKROOT = macosx10.5;
			};
			name = Release;
		};
		6C54DE2B10847F8700D77B03 /* Debug */ = {
			isa = XCBuildConfiguration;
			buildSettings = {
				COPY_PHASE_STRIP = NO;
				GCC_DYNAMIC_NO_PIC = NO;
				GCC_OPTIMIZATION_LEVEL = 0;
				PRODUCT_NAME = dc;
			};
			name = Debug;
		};
		6C54DE2C10847F8700D77B03 /* Release */ = {
			isa = XCBuildConfiguration;
			buildSettings = {
				COPY_PHASE_STRIP = YES;
				DEBUG_INFORMATION_FORMAT = "dwarf-with-dsym";
				GCC_ENABLE_FIX_AND_CONTINUE = NO;
				PRODUCT_NAME = dc;
				ZERO_LINK = NO;
			};
			name = Release;
		};
/* End XCBuildConfiguration section */

/* Begin XCConfigurationList section */
		1DEB928908733DD80010E9CD /* Build configuration list for PBXProject "dc" */ = {
			isa = XCConfigurationList;
			buildConfigurations = (
				1DEB928A08733DD80010E9CD /* Debug */,
				1DEB928B08733DD80010E9CD /* Release */,
			);
			defaultConfigurationIsVisible = 0;
			defaultConfigurationName = Release;
		};
		6C54DE2D10847FA500D77B03 /* Build configuration list for PBXLegacyTarget "dc" */ = {
			isa = XCConfigurationList;
			buildConfigurations = (
				6C54DE2B10847F8700D77B03 /* Debug */,
				6C54DE2C10847F8700D77B03 /* Release */,
			);
			defaultConfigurationIsVisible = 0;
			defaultConfigurationName = Release;
		};
/* End XCConfigurationList section */
	};
	rootObject = 08FB7793FE84155DC02AAC07 /* Project object */;
}
